
Microsoft Visual Studio Solution File, Format Version 12.00
# Visual Studio 15
VisualStudioVersion = 15.0.28307.329
MinimumVisualStudioVersion = 10.0.40219.1
Project("{FAE04EC0-301F-11D3-BF4B-00C04F79EFBC}") = "AsynAwaitConsole", "AsynAwaitConsole\AsynAwaitConsole.csproj", "{C320B3D5-775C-41D0-B296-36B771569250}"
EndProject
Project("{FAE04EC0-301F-11D3-BF4B-00C04F79EFBC}") = "AsyncWebApp", "AsyncWebApp\AsyncWebApp.csproj", "{0D491CEC-B051-4601-A866-A6E299E81C9C}"
EndProject
Global
	GlobalSection(SolutionConfigurationPlatforms) = preSolution
		Debug|Any CPU = Debug|Any CPU
		Release|Any CPU = Release|Any CPU
	EndGlobalSection
	GlobalSection(ProjectConfigurationPlatforms) = postSolution
		{C320B3D5-775C-41D0-B296-36B771569250}.Debug|Any CPU.ActiveCfg = Debug|Any CPU
		{C320B3D5-775C-41D0-B296-36B771569250}.Debug|Any CPU.Build.0 = Debug|Any CPU
		{C320B3D5-775C-41D0-B296-36B771569250}.Release|Any CPU.ActiveCfg = Release|Any CPU
		{C320B3D5-775C-41D0-B296-36B771569250}.Release|Any CPU.Build.0 = Release|Any CPU
		{0D491CEC-B051-4601-A866-A6E299E81C9C}.Debug|Any CPU.ActiveCfg = Debug|Any CPU
		{0D491CEC-B051-4601-A866-A6E299E81C9C}.Debug|Any CPU.Build.0 = Debug|Any CPU
		{0D491CEC-B051-4601-A866-A6E299E81C9C}.Release|Any CPU.ActiveCfg = Release|Any CPU
		{0D491CEC-B051-4601-A866-A6E299E81C9C}.Release|Any CPU.Build.0 = Release|Any CPU
	EndGlobalSection
	GlobalSection(SolutionProperties) = preSolution
		HideSolutionNode = FALSE
	EndGlobalSection
	GlobalSection(ExtensibilityGlobals) = postSolution
		SolutionGuid = {4784FAC1-B67D-4D56-8FF1-2E0B6C931A43}
	EndGlobalSection
EndGlobal
